
Microsoft Visual Studio Solution File, Format Version 12.00
# Visual Studio Version 16
VisualStudioVersion = 16.0.29613.14
MinimumVisualStudioVersion = 10.0.40219.1
Project("{FAE04EC0-301F-11D3-BF4B-00C04F79EFBC}") = "Rename", "Rename\Rename.csproj", "{34A9C02C-689D-479D-BD94-706CDD4C9106}"
EndProject
Global
	GlobalSection(SolutionConfigurationPlatforms) = preSolution
		Debug|Any CPU = Debug|Any CPU
		Release|Any CPU = Release|Any CPU
	EndGlobalSection
	GlobalSection(ProjectConfigurationPlatforms) = postSolution
		{34A9C02C-689D-479D-BD94-706CDD4C9106}.Debug|Any CPU.ActiveCfg = Debug|Any CPU
		{34A9C02C-689D-479D-BD94-706CDD4C9106}.Debug|Any CPU.Build.0 = Debug|Any CPU
		{34A9C02C-689D-479D-BD94-706CDD4C9106}.Release|Any CPU.ActiveCfg = Release|Any CPU
		{34A9C02C-689D-479D-BD94-706CDD4C9106}.Release|Any CPU.Build.0 = Release|Any CPU
	EndGlobalSection
	GlobalSection(SolutionProperties) = preSolution
		HideSolutionNode = FALSE
	EndGlobalSection
	GlobalSection(ExtensibilityGlobals) = postSolution
		SolutionGuid = {57EFD4FD-69EF-454A-96BB-EDE08BC66AE2}
	EndGlobalSection
EndGlobal
